
Microsoft Visual Studio Solution File, Format Version 12.00
# Visual Studio Version 16
VisualStudioVersion = 16.0.30611.23
MinimumVisualStudioVersion = 10.0.40219.1
Project("{FAE04EC0-301F-11D3-BF4B-00C04F79EFBC}") = "Netpincer_App_Beadando", "Netpincer_App_Beadando\Netpincer_App_Beadando.csproj", "{3F570416-8966-43AC-8A36-C5705F2A809C}"
EndProject
Global
	GlobalSection(SolutionConfigurationPlatforms) = preSolution
		Debug|Any CPU = Debug|Any CPU
		Release|Any CPU = Release|Any CPU
	EndGlobalSection
	GlobalSection(ProjectConfigurationPlatforms) = postSolution
		{3F570416-8966-43AC-8A36-C5705F2A809C}.Debug|Any CPU.ActiveCfg = Debug|Any CPU
		{3F570416-8966-43AC-8A36-C5705F2A809C}.Debug|Any CPU.Build.0 = Debug|Any CPU
		{3F570416-8966-43AC-8A36-C5705F2A809C}.Release|Any CPU.ActiveCfg = Release|Any CPU
		{3F570416-8966-43AC-8A36-C5705F2A809C}.Release|Any CPU.Build.0 = Release|Any CPU
	EndGlobalSection
	GlobalSection(SolutionProperties) = preSolution
		HideSolutionNode = FALSE
	EndGlobalSection
	GlobalSection(ExtensibilityGlobals) = postSolution
		SolutionGuid = {00A2B517-D24D-44B8-8C9A-EBC368AD1666}
	EndGlobalSection
EndGlobal
